
Microsoft Visual Studio Solution File, Format Version 12.00
# Visual Studio 14
VisualStudioVersion = 14.0.23107.0
MinimumVisualStudioVersion = 10.0.40219.1
Project("{FAE04EC0-301F-11D3-BF4B-00C04F79EFBC}") = "RMS.Data", "Data\RMS.Data.csproj", "{A0F866B5-344C-466F-B8D3-A0F156973383}"
EndProject
Project("{FAE04EC0-301F-11D3-BF4B-00C04F79EFBC}") = "RMS.Entity", "Entity\RMS.Entity.csproj", "{B07DFD67-B691-4378-A076-A7B339315676}"
EndProject
Project("{FAE04EC0-301F-11D3-BF4B-00C04F79EFBC}") = "RMS.Process", "RMS.Process\RMS.Process.csproj", "{B001FC4E-4B07-4838-A1DC-9DA895AE34D3}"
EndProject
Project("{FAE04EC0-301F-11D3-BF4B-00C04F79EFBC}") = "RMS.Model", "RMS.Model\RMS.Model.csproj", "{40EAEF49-25D9-42FA-BB36-AC4D2B4FE0BA}"
EndProject
Project("{FAE04EC0-301F-11D3-BF4B-00C04F79EFBC}") = "RMS.ProcessTest", "RMS.ProcessTest\RMS.ProcessTest.csproj", "{E9963BEE-AEB3-41A2-BA01-CD6581693C6B}"
EndProject
Project("{FAE04EC0-301F-11D3-BF4B-00C04F79EFBC}") = "RMS.Client", "RMS.Client\RMS.Client.csproj", "{50B7845D-F531-428C-AB43-000E2B335E1F}"
EndProject
Global
	GlobalSection(SolutionConfigurationPlatforms) = preSolution
		Debug|Any CPU = Debug|Any CPU
		Release|Any CPU = Release|Any CPU
	EndGlobalSection
	GlobalSection(ProjectConfigurationPlatforms) = postSolution
		{A0F866B5-344C-466F-B8D3-A0F156973383}.Debug|Any CPU.ActiveCfg = Debug|Any CPU
		{A0F866B5-344C-466F-B8D3-A0F156973383}.Debug|Any CPU.Build.0 = Debug|Any CPU
		{A0F866B5-344C-466F-B8D3-A0F156973383}.Release|Any CPU.ActiveCfg = Release|Any CPU
		{A0F866B5-344C-466F-B8D3-A0F156973383}.Release|Any CPU.Build.0 = Release|Any CPU
		{B07DFD67-B691-4378-A076-A7B339315676}.Debug|Any CPU.ActiveCfg = Debug|Any CPU
		{B07DFD67-B691-4378-A076-A7B339315676}.Debug|Any CPU.Build.0 = Debug|Any CPU
		{B07DFD67-B691-4378-A076-A7B339315676}.Release|Any CPU.ActiveCfg = Release|Any CPU
		{B07DFD67-B691-4378-A076-A7B339315676}.Release|Any CPU.Build.0 = Release|Any CPU
		{B001FC4E-4B07-4838-A1DC-9DA895AE34D3}.Debug|Any CPU.ActiveCfg = Debug|Any CPU
		{B001FC4E-4B07-4838-A1DC-9DA895AE34D3}.Debug|Any CPU.Build.0 = Debug|Any CPU
		{B001FC4E-4B07-4838-A1DC-9DA895AE34D3}.Release|Any CPU.ActiveCfg = Release|Any CPU
		{B001FC4E-4B07-4838-A1DC-9DA895AE34D3}.Release|Any CPU.Build.0 = Release|Any CPU
		{40EAEF49-25D9-42FA-BB36-AC4D2B4FE0BA}.Debug|Any CPU.ActiveCfg = Debug|Any CPU
		{40EAEF49-25D9-42FA-BB36-AC4D2B4FE0BA}.Debug|Any CPU.Build.0 = Debug|Any CPU
		{40EAEF49-25D9-42FA-BB36-AC4D2B4FE0BA}.Release|Any CPU.ActiveCfg = Release|Any CPU
		{40EAEF49-25D9-42FA-BB36-AC4D2B4FE0BA}.Release|Any CPU.Build.0 = Release|Any CPU
		{E9963BEE-AEB3-41A2-BA01-CD6581693C6B}.Debug|Any CPU.ActiveCfg = Debug|Any CPU
		{E9963BEE-AEB3-41A2-BA01-CD6581693C6B}.Debug|Any CPU.Build.0 = Debug|Any CPU
		{E9963BEE-AEB3-41A2-BA01-CD6581693C6B}.Release|Any CPU.ActiveCfg = Release|Any CPU
		{E9963BEE-AEB3-41A2-BA01-CD6581693C6B}.Release|Any CPU.Build.0 = Release|Any CPU
		{50B7845D-F531-428C-AB43-000E2B335E1F}.Debug|Any CPU.ActiveCfg = Debug|Any CPU
		{50B7845D-F531-428C-AB43-000E2B335E1F}.Debug|Any CPU.Build.0 = Debug|Any CPU
		{50B7845D-F531-428C-AB43-000E2B335E1F}.Release|Any CPU.ActiveCfg = Release|Any CPU
		{50B7845D-F531-428C-AB43-000E2B335E1F}.Release|Any CPU.Build.0 = Release|Any CPU
	EndGlobalSection
	GlobalSection(SolutionProperties) = preSolution
		HideSolutionNode = FALSE
	EndGlobalSection
EndGlobal
